
Microsoft Visual Studio Solution File, Format Version 12.00
# Visual Studio Version 17
VisualStudioVersion = 17.4.33213.308
MinimumVisualStudioVersion = 10.0.40219.1
Project("{FAE04EC0-301F-11D3-BF4B-00C04F79EFBC}") = "11.04.2023 dz", "11.04.2023 dz\11.04.2023 dz.csproj", "{87D5E12B-C480-420A-82CF-36D5A3AF7BDF}"
EndProject
Global
	GlobalSection(SolutionConfigurationPlatforms) = preSolution
		Debug|Any CPU = Debug|Any CPU
		Release|Any CPU = Release|Any CPU
	EndGlobalSection
	GlobalSection(ProjectConfigurationPlatforms) = postSolution
		{87D5E12B-C480-420A-82CF-36D5A3AF7BDF}.Debug|Any CPU.ActiveCfg = Debug|Any CPU
		{87D5E12B-C480-420A-82CF-36D5A3AF7BDF}.Debug|Any CPU.Build.0 = Debug|Any CPU
		{87D5E12B-C480-420A-82CF-36D5A3AF7BDF}.Release|Any CPU.ActiveCfg = Release|Any CPU
		{87D5E12B-C480-420A-82CF-36D5A3AF7BDF}.Release|Any CPU.Build.0 = Release|Any CPU
	EndGlobalSection
	GlobalSection(SolutionProperties) = preSolution
		HideSolutionNode = FALSE
	EndGlobalSection
	GlobalSection(ExtensibilityGlobals) = postSolution
		SolutionGuid = {E0E8FD45-4363-4146-AFEF-37FC436F0FCC}
	EndGlobalSection
EndGlobal
